// !$*UTF8*$!
{
	archiveVersion = 1;
	classes = {
	};
	objectVersion = 46;
	objects = {

/* Begin PBXBuildFile section */
		1A18971C1C8F48D30058E3A1 /* libmysqlclient.a in Frameworks */ = {isa = PBXBuildFile; fileRef = 1A18971B1C8F48D30058E3A1 /* libmysqlclient.a */; };
		1A9A652A1C7EB76B001300D1 /* my_config.h.in in Resources */ = {isa = PBXBuildFile; fileRef = 1A9A64C41C7EB76A001300D1 /* my_config.h.in */; };
		7F64C2A41951DDCE000EB2FE /* Foundation.framework in Frameworks */ = {isa = PBXBuildFile; fileRef = 7F64C2A31951DDCE000EB2FE /* Foundation.framework */; };
		7F64C2A61951DDCE000EB2FE /* CoreGraphics.framework in Frameworks */ = {isa = PBXBuildFile; fileRef = 7F64C2A51951DDCE000EB2FE /* CoreGraphics.framework */; };
		7F64C2A81951DDCE000EB2FE /* UIKit.framework in Frameworks */ = {isa = PBXBuildFile; fileRef = 7F64C2A71951DDCE000EB2FE /* UIKit.framework */; };
		7F64C2AE1951DDCE000EB2FE /* InfoPlist.strings in Resources */ = {isa = PBXBuildFile; fileRef = 7F64C2AC1951DDCE000EB2FE /* InfoPlist.strings */; };
		7F64C2B01951DDCE000EB2FE /* main.m in Sources */ = {isa = PBXBuildFile; fileRef = 7F64C2AF1951DDCE000EB2FE /* main.m */; };
		7F64C2B41951DDCE000EB2FE /* AppDelegate.m in Sources */ = {isa = PBXBuildFile; fileRef = 7F64C2B31951DDCE000EB2FE /* AppDelegate.m */; };
		7F64C2B71951DDCE000EB2FE /* Main.storyboard in Resources */ = {isa = PBXBuildFile; fileRef = 7F64C2B51951DDCE000EB2FE /* Main.storyboard */; };
		7F64C2BA1951DDCE000EB2FE /* ViewController.m in Sources */ = {isa = PBXBuildFile; fileRef = 7F64C2B91951DDCE000EB2FE /* ViewController.m */; };
		7F64C2BC1951DDCE000EB2FE /* Images.xcassets in Resources */ = {isa = PBXBuildFile; fileRef = 7F64C2BB1951DDCE000EB2FE /* Images.xcassets */; };
		7F64C2C31951DDCF000EB2FE /* XCTest.framework in Frameworks */ = {isa = PBXBuildFile; fileRef = 7F64C2C21951DDCF000EB2FE /* XCTest.framework */; };
		7F64C2C41951DDCF000EB2FE /* Foundation.framework in Frameworks */ = {isa = PBXBuildFile; fileRef = 7F64C2A31951DDCE000EB2FE /* Foundation.framework */; };
		7F64C2C51951DDCF000EB2FE /* UIKit.framework in Frameworks */ = {isa = PBXBuildFile; fileRef = 7F64C2A71951DDCE000EB2FE /* UIKit.framework */; };
		7F64C2CD1951DDCF000EB2FE /* InfoPlist.strings in Resources */ = {isa = PBXBuildFile; fileRef = 7F64C2CB1951DDCF000EB2FE /* InfoPlist.strings */; };
		7F64C2CF1951DDCF000EB2FE /* mysql_connector_cTests.m in Sources */ = {isa = PBXBuildFile; fileRef = 7F64C2CE1951DDCF000EB2FE /* mysql_connector_cTests.m */; };
		7F64C3281951E255000EB2FE /* libc++.dylib in Frameworks */ = {isa = PBXBuildFile; fileRef = 7F64C3271951E255000EB2FE /* libc++.dylib */; };
/* End PBXBuildFile section */

/* Begin PBXContainerItemProxy section */
		7F64C2C61951DDCF000EB2FE /* PBXContainerItemProxy */ = {
			isa = PBXContainerItemProxy;
			containerPortal = 7F64C2981951DDCE000EB2FE /* Project object */;
			proxyType = 1;
			remoteGlobalIDString = 7F64C29F1951DDCE000EB2FE;
			remoteInfo = "mysql-connector-c";
		};
/* End PBXContainerItemProxy section */

/* Begin PBXFileReference section */
		1A18971B1C8F48D30058E3A1 /* libmysqlclient.a */ = {isa = PBXFileReference; lastKnownFileType = archive.ar; path = libmysqlclient.a; sourceTree = "<group>"; };
		1A9A64A11C7EB76A001300D1 /* gcc_builtins.h */ = {isa = PBXFileReference; fileEncoding = 4; lastKnownFileType = sourcecode.c.h; path = gcc_builtins.h; sourceTree = "<group>"; };
		1A9A64A21C7EB76A001300D1 /* generic-msvc.h */ = {isa = PBXFileReference; fileEncoding = 4; lastKnownFileType = sourcecode.c.h; path = "generic-msvc.h"; sourceTree = "<group>"; };
		1A9A64A31C7EB76A001300D1 /* solaris.h */ = {isa = PBXFileReference; fileEncoding = 4; lastKnownFileType = sourcecode.c.h; path = solaris.h; sourceTree = "<group>"; };
		1A9A64A41C7EB76A001300D1 /* base64.h */ = {isa = PBXFileReference; fileEncoding = 4; lastKnownFileType = sourcecode.c.h; path = base64.h; sourceTree = "<group>"; };
		1A9A64A51C7EB76A001300D1 /* big_endian.h */ = {isa = PBXFileReference; fileEncoding = 4; lastKnownFileType = sourcecode.c.h; path = big_endian.h; sourceTree = "<group>"; };
		1A9A64A61C7EB76A001300D1 /* byte_order_generic_x86.h */ = {isa = PBXFileReference; fileEncoding = 4; lastKnownFileType = sourcecode.c.h; path = byte_order_generic_x86.h; sourceTree = "<group>"; };
		1A9A64A71C7EB76A001300D1 /* byte_order_generic.h */ = {isa = PBXFileReference; fileEncoding = 4; lastKnownFileType = sourcecode.c.h; path = byte_order_generic.h; sourceTree = "<group>"; };
		1A9A64A81C7EB76A001300D1 /* config-win.h */ = {isa = PBXFileReference; fileEncoding = 4; lastKnownFileType = sourcecode.c.h; path = "config-win.h"; sourceTree = "<group>"; };
		1A9A64A91C7EB76A001300D1 /* config.h */ = {isa = PBXFileReference; fileEncoding = 4; lastKnownFileType = sourcecode.c.h; path = config.h; sourceTree = "<group>"; };
		1A9A64AA1C7EB76A001300D1 /* crypt_genhash_impl.h */ = {isa = PBXFileReference; fileEncoding = 4; lastKnownFileType = sourcecode.c.h; path = crypt_genhash_impl.h; sourceTree = "<group>"; };
		1A9A64AB1C7EB76A001300D1 /* decimal.h */ = {isa = PBXFileReference; fileEncoding = 4; lastKnownFileType = sourcecode.c.h; path = decimal.h; sourceTree = "<group>"; };
		1A9A64AC1C7EB76A001300D1 /* dur_prop.h */ = {isa = PBXFileReference; fileEncoding = 4; lastKnownFileType = sourcecode.c.h; path = dur_prop.h; sourceTree = "<group>"; };
		1A9A64AD1C7EB76A001300D1 /* errmsg.h */ = {isa = PBXFileReference; fileEncoding = 4; lastKnownFileType = sourcecode.c.h; path = errmsg.h; sourceTree = "<group>"; };
		1A9A64AE1C7EB76A001300D1 /* hash.h */ = {isa = PBXFileReference; fileEncoding = 4; lastKnownFileType = sourcecode.c.h; path = hash.h; sourceTree = "<group>"; };
		1A9A64AF1C7EB76A001300D1 /* heap.h */ = {isa = PBXFileReference; fileEncoding = 4; lastKnownFileType = sourcecode.c.h; path = heap.h; sourceTree = "<group>"; };
		1A9A64B01C7EB76A001300D1 /* keycache.h */ = {isa = PBXFileReference; fileEncoding = 4; lastKnownFileType = sourcecode.c.h; path = keycache.h; sourceTree = "<group>"; };
		1A9A64B11C7EB76A001300D1 /* lf.h */ = {isa = PBXFileReference; fileEncoding = 4; lastKnownFileType = sourcecode.c.h; path = lf.h; sourceTree = "<group>"; };
		1A9A64B21C7EB76A001300D1 /* little_endian.h */ = {isa = PBXFileReference; fileEncoding = 4; lastKnownFileType = sourcecode.c.h; path = little_endian.h; sourceTree = "<group>"; };
		1A9A64B31C7EB76A001300D1 /* m_ctype.h */ = {isa = PBXFileReference; fileEncoding = 4; lastKnownFileType = sourcecode.c.h; path = m_ctype.h; sourceTree = "<group>"; };
		1A9A64B41C7EB76A001300D1 /* m_string.h */ = {isa = PBXFileReference; fileEncoding = 4; lastKnownFileType = sourcecode.c.h; path = m_string.h; sourceTree = "<group>"; };
		1A9A64B51C7EB76A001300D1 /* mutex_lock.h */ = {isa = PBXFileReference; fileEncoding = 4; lastKnownFileType = sourcecode.c.h; path = mutex_lock.h; sourceTree = "<group>"; };
		1A9A64B61C7EB76A001300D1 /* my_aes.h */ = {isa = PBXFileReference; fileEncoding = 4; lastKnownFileType = sourcecode.c.h; path = my_aes.h; sourceTree = "<group>"; };
		1A9A64B71C7EB76A001300D1 /* my_alarm.h */ = {isa = PBXFileReference; fileEncoding = 4; lastKnownFileType = sourcecode.c.h; path = my_alarm.h; sourceTree = "<group>"; };
		1A9A64B81C7EB76A001300D1 /* my_alloc.h */ = {isa = PBXFileReference; fileEncoding = 4; lastKnownFileType = sourcecode.c.h; path = my_alloc.h; sourceTree = "<group>"; };
		1A9A64B91C7EB76A001300D1 /* my_atomic.h */ = {isa = PBXFileReference; fileEncoding = 4; lastKnownFileType = sourcecode.c.h; path = my_atomic.h; sourceTree = "<group>"; };
		1A9A64BA1C7EB76A001300D1 /* my_attribute.h */ = {isa = PBXFileReference; fileEncoding = 4; lastKnownFileType = sourcecode.c.h; path = my_attribute.h; sourceTree = "<group>"; };
		1A9A64BB1C7EB76A001300D1 /* my_base.h */ = {isa = PBXFileReference; fileEncoding = 4; lastKnownFileType = sourcecode.c.h; path = my_base.h; sourceTree = "<group>"; };
		1A9A64BC1C7EB76A001300D1 /* my_bit.h */ = {isa = PBXFileReference; fileEncoding = 4; lastKnownFileType = sourcecode.c.h; path = my_bit.h; sourceTree = "<group>"; };
		1A9A64BD1C7EB76A001300D1 /* my_bitmap.h */ = {isa = PBXFileReference; fileEncoding = 4; lastKnownFileType = sourcecode.c.h; path = my_bitmap.h; sourceTree = "<group>"; };
		1A9A64BE1C7EB76A001300D1 /* my_byteorder.h */ = {isa = PBXFileReference; fileEncoding = 4; lastKnownFileType = sourcecode.c.h; path = my_byteorder.h; sourceTree = "<group>"; };
		1A9A64BF1C7EB76A001300D1 /* my_charsets.h */ = {isa = PBXFileReference; fileEncoding = 4; lastKnownFileType = sourcecode.c.h; path = my_charsets.h; sourceTree = "<group>"; };
		1A9A64C01C7EB76A001300D1 /* my_check_opt.h */ = {isa = PBXFileReference; fileEncoding = 4; lastKnownFileType = sourcecode.c.h; path = my_check_opt.h; sourceTree = "<group>"; };
		1A9A64C11C7EB76A001300D1 /* my_compare.h */ = {isa = PBXFileReference; fileEncoding = 4; lastKnownFileType = sourcecode.c.h; path = my_compare.h; sourceTree = "<group>"; };
		1A9A64C21C7EB76A001300D1 /* my_compiler.h */ = {isa = PBXFileReference; fileEncoding = 4; lastKnownFileType = sourcecode.c.h; path = my_compiler.h; sourceTree = "<group>"; };
		1A9A64C31C7EB76A001300D1 /* my_config.h */ = {isa = PBXFileReference; fileEncoding = 4; lastKnownFileType = sourcecode.c.h; path = my_config.h; sourceTree = "<group>"; };
		1A9A64C41C7EB76A001300D1 /* my_config.h.in */ = {isa = PBXFileReference; fileEncoding = 4; lastKnownFileType = text; path = my_config.h.in; sourceTree = "<group>"; };
		1A9A64C51C7EB76A001300D1 /* my_dbug.h */ = {isa = PBXFileReference; fileEncoding = 4; lastKnownFileType = sourcecode.c.h; path = my_dbug.h; sourceTree = "<group>"; };
		1A9A64C61C7EB76A001300D1 /* my_default.h */ = {isa = PBXFileReference; fileEncoding = 4; lastKnownFileType = sourcecode.c.h; path = my_default.h; sourceTree = "<group>"; };
		1A9A64C71C7EB76A001300D1 /* my_dir.h */ = {isa = PBXFileReference; fileEncoding = 4; lastKnownFileType = sourcecode.c.h; path = my_dir.h; sourceTree = "<group>"; };
		1A9A64C81C7EB76A001300D1 /* my_getopt.h */ = {isa = PBXFileReference; fileEncoding = 4; lastKnownFileType = sourcecode.c.h; path = my_getopt.h; sourceTree = "<group>"; };
		1A9A64C91C7EB76A001300D1 /* my_global.h */ = {isa = PBXFileReference; fileEncoding = 4; lastKnownFileType = sourcecode.c.h; path = my_global.h; sourceTree = "<group>"; };
		1A9A64CA1C7EB76A001300D1 /* my_icp.h */ = {isa = PBXFileReference; fileEncoding = 4; lastKnownFileType = sourcecode.c.h; path = my_icp.h; sourceTree = "<group>"; };
		1A9A64CB1C7EB76A001300D1 /* my_libwrap.h */ = {isa = PBXFileReference; fileEncoding = 4; lastKnownFileType = sourcecode.c.h; path = my_libwrap.h; sourceTree = "<group>"; };
		1A9A64CC1C7EB76A001300D1 /* my_list.h */ = {isa = PBXFileReference; fileEncoding = 4; lastKnownFileType = sourcecode.c.h; path = my_list.h; sourceTree = "<group>"; };
		1A9A64CD1C7EB76A001300D1 /* my_md5.h */ = {isa = PBXFileReference; fileEncoding = 4; lastKnownFileType = sourcecode.c.h; path = my_md5.h; sourceTree = "<group>"; };
		1A9A64CE1C7EB76A001300D1 /* my_murmur3.h */ = {isa = PBXFileReference; fileEncoding = 4; lastKnownFileType = sourcecode.c.h; path = my_murmur3.h; sourceTree = "<group>"; };
		1A9A64CF1C7EB76A001300D1 /* my_net.h */ = {isa = PBXFileReference; fileEncoding = 4; lastKnownFileType = sourcecode.c.h; path = my_net.h; sourceTree = "<group>"; };
		1A9A64D01C7EB76A001300D1 /* my_no_pthread.h */ = {isa = PBXFileReference; fileEncoding = 4; lastKnownFileType = sourcecode.c.h; path = my_no_pthread.h; sourceTree = "<group>"; };
		1A9A64D11C7EB76A001300D1 /* my_nosys.h */ = {isa = PBXFileReference; fileEncoding = 4; lastKnownFileType = sourcecode.c.h; path = my_nosys.h; sourceTree = "<group>"; };
		1A9A64D21C7EB76A001300D1 /* my_pthread.h */ = {isa = PBXFileReference; fileEncoding = 4; lastKnownFileType = sourcecode.c.h; path = my_pthread.h; sourceTree = "<group>"; };
		1A9A64D31C7EB76A001300D1 /* my_rdtsc.h */ = {isa = PBXFileReference; fileEncoding = 4; lastKnownFileType = sourcecode.c.h; path = my_rdtsc.h; sourceTree = "<group>"; };
		1A9A64D41C7EB76A001300D1 /* my_rnd.h */ = {isa = PBXFileReference; fileEncoding = 4; lastKnownFileType = sourcecode.c.h; path = my_rnd.h; sourceTree = "<group>"; };
		1A9A64D51C7EB76A001300D1 /* my_stacktrace.h */ = {isa = PBXFileReference; fileEncoding = 4; lastKnownFileType = sourcecode.c.h; path = my_stacktrace.h; sourceTree = "<group>"; };
		1A9A64D61C7EB76A001300D1 /* my_sys.h */ = {isa = PBXFileReference; fileEncoding = 4; lastKnownFileType = sourcecode.c.h; path = my_sys.h; sourceTree = "<group>"; };
		1A9A64D71C7EB76A001300D1 /* my_thread_local.h */ = {isa = PBXFileReference; fileEncoding = 4; lastKnownFileType = sourcecode.c.h; path = my_thread_local.h; sourceTree = "<group>"; };
		1A9A64D81C7EB76A001300D1 /* my_time.h */ = {isa = PBXFileReference; fileEncoding = 4; lastKnownFileType = sourcecode.c.h; path = my_time.h; sourceTree = "<group>"; };
		1A9A64D91C7EB76A001300D1 /* my_timer.h */ = {isa = PBXFileReference; fileEncoding = 4; lastKnownFileType = sourcecode.c.h; path = my_timer.h; sourceTree = "<group>"; };
		1A9A64DA1C7EB76A001300D1 /* my_tree.h */ = {isa = PBXFileReference; fileEncoding = 4; lastKnownFileType = sourcecode.c.h; path = my_tree.h; sourceTree = "<group>"; };
		1A9A64DB1C7EB76A001300D1 /* my_trie.h */ = {isa = PBXFileReference; fileEncoding = 4; lastKnownFileType = sourcecode.c.h; path = my_trie.h; sourceTree = "<group>"; };
		1A9A64DC1C7EB76A001300D1 /* my_uctype.h */ = {isa = PBXFileReference; fileEncoding = 4; lastKnownFileType = sourcecode.c.h; path = my_uctype.h; sourceTree = "<group>"; };
		1A9A64DD1C7EB76A001300D1 /* my_vle.h */ = {isa = PBXFileReference; fileEncoding = 4; lastKnownFileType = sourcecode.c.h; path = my_vle.h; sourceTree = "<group>"; };
		1A9A64DE1C7EB76A001300D1 /* my_xml.h */ = {isa = PBXFileReference; fileEncoding = 4; lastKnownFileType = sourcecode.c.h; path = my_xml.h; sourceTree = "<group>"; };
		1A9A64DF1C7EB76A001300D1 /* myisampack.h */ = {isa = PBXFileReference; fileEncoding = 4; lastKnownFileType = sourcecode.c.h; path = myisampack.h; sourceTree = "<group>"; };
		1A9A64E11C7EB76A001300D1 /* client_authentication.h */ = {isa = PBXFileReference; fileEncoding = 4; lastKnownFileType = sourcecode.c.h; path = client_authentication.h; sourceTree = "<group>"; };
		1A9A64E21C7EB76A001300D1 /* client_plugin.h */ = {isa = PBXFileReference; fileEncoding = 4; lastKnownFileType = sourcecode.c.h; path = client_plugin.h; sourceTree = "<group>"; };
		1A9A64E31C7EB76A001300D1 /* client_plugin.h.pp */ = {isa = PBXFileReference; fileEncoding = 4; lastKnownFileType = sourcecode.pascal; path = client_plugin.h.pp; sourceTree = "<group>"; };
		1A9A64E41C7EB76A001300D1 /* get_password.h */ = {isa = PBXFileReference; fileEncoding = 4; lastKnownFileType = sourcecode.c.h; path = get_password.h; sourceTree = "<group>"; };
		1A9A64E51C7EB76A001300D1 /* plugin_auth_common.h */ = {isa = PBXFileReference; fileEncoding = 4; lastKnownFileType = sourcecode.c.h; path = plugin_auth_common.h; sourceTree = "<group>"; };
		1A9A64E61C7EB76A001300D1 /* plugin_trace.h */ = {isa = PBXFileReference; fileEncoding = 4; lastKnownFileType = sourcecode.c.h; path = plugin_trace.h; sourceTree = "<group>"; };
		1A9A64E81C7EB76A001300D1 /* mysql_file.h */ = {isa = PBXFileReference; fileEncoding = 4; lastKnownFileType = sourcecode.c.h; path = mysql_file.h; sourceTree = "<group>"; };
		1A9A64E91C7EB76A001300D1 /* mysql_idle.h */ = {isa = PBXFileReference; fileEncoding = 4; lastKnownFileType = sourcecode.c.h; path = mysql_idle.h; sourceTree = "<group>"; };
		1A9A64EA1C7EB76A001300D1 /* mysql_mdl.h */ = {isa = PBXFileReference; fileEncoding = 4; lastKnownFileType = sourcecode.c.h; path = mysql_mdl.h; sourceTree = "<group>"; };
		1A9A64EB1C7EB76A001300D1 /* mysql_memory.h */ = {isa = PBXFileReference; fileEncoding = 4; lastKnownFileType = sourcecode.c.h; path = mysql_memory.h; sourceTree = "<group>"; };
		1A9A64EC1C7EB76A001300D1 /* mysql_ps.h */ = {isa = PBXFileReference; fileEncoding = 4; lastKnownFileType = sourcecode.c.h; path = mysql_ps.h; sourceTree = "<group>"; };
		1A9A64ED1C7EB76A001300D1 /* mysql_socket.h */ = {isa = PBXFileReference; fileEncoding = 4; lastKnownFileType = sourcecode.c.h; path = mysql_socket.h; sourceTree = "<group>"; };
		1A9A64EE1C7EB76A001300D1 /* mysql_sp.h */ = {isa = PBXFileReference; fileEncoding = 4; lastKnownFileType = sourcecode.c.h; path = mysql_sp.h; sourceTree = "<group>"; };
		1A9A64EF1C7EB76A001300D1 /* mysql_stage.h */ = {isa = PBXFileReference; fileEncoding = 4; lastKnownFileType = sourcecode.c.h; path = mysql_stage.h; sourceTree = "<group>"; };
		1A9A64F01C7EB76A001300D1 /* mysql_statement.h */ = {isa = PBXFileReference; fileEncoding = 4; lastKnownFileType = sourcecode.c.h; path = mysql_statement.h; sourceTree = "<group>"; };
		1A9A64F11C7EB76A001300D1 /* mysql_table.h */ = {isa = PBXFileReference; fileEncoding = 4; lastKnownFileType = sourcecode.c.h; path = mysql_table.h; sourceTree = "<group>"; };
		1A9A64F21C7EB76A001300D1 /* mysql_thread.h */ = {isa = PBXFileReference; fileEncoding = 4; lastKnownFileType = sourcecode.c.h; path = mysql_thread.h; sourceTree = "<group>"; };
		1A9A64F31C7EB76A001300D1 /* mysql_transaction.h */ = {isa = PBXFileReference; fileEncoding = 4; lastKnownFileType = sourcecode.c.h; path = mysql_transaction.h; sourceTree = "<group>"; };
		1A9A64F41C7EB76A001300D1 /* psi.h */ = {isa = PBXFileReference; fileEncoding = 4; lastKnownFileType = sourcecode.c.h; path = psi.h; sourceTree = "<group>"; };
		1A9A64F51C7EB76A001300D1 /* psi_abi_v0.h */ = {isa = PBXFileReference; fileEncoding = 4; lastKnownFileType = sourcecode.c.h; path = psi_abi_v0.h; sourceTree = "<group>"; };
		1A9A64F61C7EB76A001300D1 /* psi_abi_v0.h.pp */ = {isa = PBXFileReference; fileEncoding = 4; lastKnownFileType = sourcecode.pascal; path = psi_abi_v0.h.pp; sourceTree = "<group>"; };
		1A9A64F71C7EB76A001300D1 /* psi_abi_v1.h */ = {isa = PBXFileReference; fileEncoding = 4; lastKnownFileType = sourcecode.c.h; path = psi_abi_v1.h; sourceTree = "<group>"; };
		1A9A64F81C7EB76A001300D1 /* psi_abi_v1.h.pp */ = {isa = PBXFileReference; fileEncoding = 4; lastKnownFileType = sourcecode.pascal; path = psi_abi_v1.h.pp; sourceTree = "<group>"; };
		1A9A64F91C7EB76A001300D1 /* psi_abi_v2.h */ = {isa = PBXFileReference; fileEncoding = 4; lastKnownFileType = sourcecode.c.h; path = psi_abi_v2.h; sourceTree = "<group>"; };
		1A9A64FA1C7EB76A001300D1 /* psi_abi_v2.h.pp */ = {isa = PBXFileReference; fileEncoding = 4; lastKnownFileType = sourcecode.pascal; path = psi_abi_v2.h.pp; sourceTree = "<group>"; };
		1A9A64FB1C7EB76A001300D1 /* psi_base.h */ = {isa = PBXFileReference; fileEncoding = 4; lastKnownFileType = sourcecode.c.h; path = psi_base.h; sourceTree = "<group>"; };
		1A9A64FC1C7EB76A001300D1 /* psi_memory.h */ = {isa = PBXFileReference; fileEncoding = 4; lastKnownFileType = sourcecode.c.h; path = psi_memory.h; sourceTree = "<group>"; };
		1A9A64FD1C7EB76A001300D1 /* service_my_snprintf.h */ = {isa = PBXFileReference; fileEncoding = 4; lastKnownFileType = sourcecode.c.h; path = service_my_snprintf.h; sourceTree = "<group>"; };
		1A9A64FE1C7EB76A001300D1 /* service_mysql_alloc.h */ = {isa = PBXFileReference; fileEncoding = 4; lastKnownFileType = sourcecode.c.h; path = service_mysql_alloc.h; sourceTree = "<group>"; };
		1A9A64FF1C7EB76A001300D1 /* mysql_com_server.h */ = {isa = PBXFileReference; fileEncoding = 4; lastKnownFileType = sourcecode.c.h; path = mysql_com_server.h; sourceTree = "<group>"; };
		1A9A65001C7EB76A001300D1 /* mysql_com.h */ = {isa = PBXFileReference; fileEncoding = 4; lastKnownFileType = sourcecode.c.h; path = mysql_com.h; sourceTree = "<group>"; };
		1A9A65011C7EB76A001300D1 /* mysql_embed.h */ = {isa = PBXFileReference; fileEncoding = 4; lastKnownFileType = sourcecode.c.h; path = mysql_embed.h; sourceTree = "<group>"; };
		1A9A65021C7EB76A001300D1 /* mysql_time.h */ = {isa = PBXFileReference; fileEncoding = 4; lastKnownFileType = sourcecode.c.h; path = mysql_time.h; sourceTree = "<group>"; };
		1A9A65031C7EB76A001300D1 /* mysql_version.h */ = {isa = PBXFileReference; fileEncoding = 4; lastKnownFileType = sourcecode.c.h; path = mysql_version.h; sourceTree = "<group>"; };
		1A9A65041C7EB76A001300D1 /* mysql_version.h.in */ = {isa = PBXFileReference; fileEncoding = 4; lastKnownFileType = text; path = mysql_version.h.in; sourceTree = "<group>"; };
		1A9A65051C7EB76A001300D1 /* mysql.h */ = {isa = PBXFileReference; fileEncoding = 4; lastKnownFileType = sourcecode.c.h; path = mysql.h; sourceTree = "<group>"; };
		1A9A65061C7EB76A001300D1 /* mysql.h.pp */ = {isa = PBXFileReference; fileEncoding = 4; lastKnownFileType = sourcecode.pascal; path = mysql.h.pp; sourceTree = "<group>"; };
		1A9A65071C7EB76A001300D1 /* mysqld_ername.h */ = {isa = PBXFileReference; fileEncoding = 4; lastKnownFileType = sourcecode.c.h; path = mysqld_ername.h; sourceTree = "<group>"; };
		1A9A65081C7EB76A001300D1 /* mysqld_error.h */ = {isa = PBXFileReference; fileEncoding = 4; lastKnownFileType = sourcecode.c.h; path = mysqld_error.h; sourceTree = "<group>"; };
		1A9A650A1C7EB76A001300D1 /* rijndael.h */ = {isa = PBXFileReference; fileEncoding = 4; lastKnownFileType = sourcecode.c.h; path = rijndael.h; sourceTree = "<group>"; };
		1A9A650B1C7EB76A001300D1 /* mysys_err.h */ = {isa = PBXFileReference; fileEncoding = 4; lastKnownFileType = sourcecode.c.h; path = mysys_err.h; sourceTree = "<group>"; };
		1A9A650C1C7EB76A001300D1 /* nullable.h */ = {isa = PBXFileReference; fileEncoding = 4; lastKnownFileType = sourcecode.c.h; path = nullable.h; sourceTree = "<group>"; };
		1A9A650D1C7EB76A001300D1 /* password.h */ = {isa = PBXFileReference; fileEncoding = 4; lastKnownFileType = sourcecode.c.h; path = password.h; sourceTree = "<group>"; };
		1A9A650E1C7EB76A001300D1 /* prealloced_array.h */ = {isa = PBXFileReference; fileEncoding = 4; lastKnownFileType = sourcecode.c.h; path = prealloced_array.h; sourceTree = "<group>"; };
		1A9A650F1C7EB76A001300D1 /* probes_mysql_dtrace.h */ = {isa = PBXFileReference; fileEncoding = 4; lastKnownFileType = sourcecode.c.h; path = probes_mysql_dtrace.h; sourceTree = "<group>"; };
		1A9A65101C7EB76A001300D1 /* probes_mysql_nodtrace.h */ = {isa = PBXFileReference; fileEncoding = 4; lastKnownFileType = sourcecode.c.h; path = probes_mysql_nodtrace.h; sourceTree = "<group>"; };
		1A9A65111C7EB76B001300D1 /* probes_mysql.d */ = {isa = PBXFileReference; fileEncoding = 4; lastKnownFileType = sourcecode.dtrace; path = probes_mysql.d; sourceTree = "<group>"; };
		1A9A65121C7EB76B001300D1 /* probes_mysql.d.base */ = {isa = PBXFileReference; fileEncoding = 4; lastKnownFileType = text; path = probes_mysql.d.base; sourceTree = "<group>"; };
		1A9A65131C7EB76B001300D1 /* probes_mysql.h */ = {isa = PBXFileReference; fileEncoding = 4; lastKnownFileType = sourcecode.c.h; path = probes_mysql.h; sourceTree = "<group>"; };
		1A9A65141C7EB76B001300D1 /* queues.h */ = {isa = PBXFileReference; fileEncoding = 4; lastKnownFileType = sourcecode.c.h; path = queues.h; sourceTree = "<group>"; };
		1A9A65151C7EB76B001300D1 /* service_versions.h */ = {isa = PBXFileReference; fileEncoding = 4; lastKnownFileType = sourcecode.c.h; path = service_versions.h; sourceTree = "<group>"; };
		1A9A65161C7EB76B001300D1 /* sha1.h */ = {isa = PBXFileReference; fileEncoding = 4; lastKnownFileType = sourcecode.c.h; path = sha1.h; sourceTree = "<group>"; };
		1A9A65171C7EB76B001300D1 /* sha2.h */ = {isa = PBXFileReference; fileEncoding = 4; lastKnownFileType = sourcecode.c.h; path = sha2.h; sourceTree = "<group>"; };
		1A9A65181C7EB76B001300D1 /* sql_common.h */ = {isa = PBXFileReference; fileEncoding = 4; lastKnownFileType = sourcecode.c.h; path = sql_common.h; sourceTree = "<group>"; };
		1A9A65191C7EB76B001300D1 /* sql_state.h */ = {isa = PBXFileReference; fileEncoding = 4; lastKnownFileType = sourcecode.c.h; path = sql_state.h; sourceTree = "<group>"; };
		1A9A651A1C7EB76B001300D1 /* sql_string.h */ = {isa = PBXFileReference; fileEncoding = 4; lastKnownFileType = sourcecode.c.h; path = sql_string.h; sourceTree = "<group>"; };
		1A9A651B1C7EB76B001300D1 /* sslopt-case.h */ = {isa = PBXFileReference; fileEncoding = 4; lastKnownFileType = sourcecode.c.h; path = "sslopt-case.h"; sourceTree = "<group>"; };
		1A9A651C1C7EB76B001300D1 /* sslopt-longopts.h */ = {isa = PBXFileReference; fileEncoding = 4; lastKnownFileType = sourcecode.c.h; path = "sslopt-longopts.h"; sourceTree = "<group>"; };
		1A9A651D1C7EB76B001300D1 /* sslopt-vars.h */ = {isa = PBXFileReference; fileEncoding = 4; lastKnownFileType = sourcecode.c.h; path = "sslopt-vars.h"; sourceTree = "<group>"; };
		1A9A651E1C7EB76B001300D1 /* t_ctype.h */ = {isa = PBXFileReference; fileEncoding = 4; lastKnownFileType = sourcecode.c.h; path = t_ctype.h; sourceTree = "<group>"; };
		1A9A651F1C7EB76B001300D1 /* template_utils.h */ = {isa = PBXFileReference; fileEncoding = 4; lastKnownFileType = sourcecode.c.h; path = template_utils.h; sourceTree = "<group>"; };
		1A9A65201C7EB76B001300D1 /* thr_alarm.h */ = {isa = PBXFileReference; fileEncoding = 4; lastKnownFileType = sourcecode.c.h; path = thr_alarm.h; sourceTree = "<group>"; };
		1A9A65211C7EB76B001300D1 /* thr_cond.h */ = {isa = PBXFileReference; fileEncoding = 4; lastKnownFileType = sourcecode.c.h; path = thr_cond.h; sourceTree = "<group>"; };
		1A9A65221C7EB76B001300D1 /* thr_lock.h */ = {isa = PBXFileReference; fileEncoding = 4; lastKnownFileType = sourcecode.c.h; path = thr_lock.h; sourceTree = "<group>"; };
		1A9A65231C7EB76B001300D1 /* thr_mutex.h */ = {isa = PBXFileReference; fileEncoding = 4; lastKnownFileType = sourcecode.c.h; path = thr_mutex.h; sourceTree = "<group>"; };
		1A9A65241C7EB76B001300D1 /* thr_rwlock.h */ = {isa = PBXFileReference; fileEncoding = 4; lastKnownFileType = sourcecode.c.h; path = thr_rwlock.h; sourceTree = "<group>"; };
		1A9A65251C7EB76B001300D1 /* typelib.h */ = {isa = PBXFileReference; fileEncoding = 4; lastKnownFileType = sourcecode.c.h; path = typelib.h; sourceTree = "<group>"; };
		1A9A65261C7EB76B001300D1 /* violite.h */ = {isa = PBXFileReference; fileEncoding = 4; lastKnownFileType = sourcecode.c.h; path = violite.h; sourceTree = "<group>"; };
		1A9A65271C7EB76B001300D1 /* waiting_threads.h */ = {isa = PBXFileReference; fileEncoding = 4; lastKnownFileType = sourcecode.c.h; path = waiting_threads.h; sourceTree = "<group>"; };
		1A9A65281C7EB76B001300D1 /* welcome_copyright_notice.h */ = {isa = PBXFileReference; fileEncoding = 4; lastKnownFileType = sourcecode.c.h; path = welcome_copyright_notice.h; sourceTree = "<group>"; };
		1A9A65291C7EB76B001300D1 /* wqueue.h */ = {isa = PBXFileReference; fileEncoding = 4; lastKnownFileType = sourcecode.c.h; path = wqueue.h; sourceTree = "<group>"; };
		7F64C2A01951DDCE000EB2FE /* mysql-connector-c.app */ = {isa = PBXFileReference; explicitFileType = wrapper.application; includeInIndex = 0; path = "mysql-connector-c.app"; sourceTree = BUILT_PRODUCTS_DIR; };
		7F64C2A31951DDCE000EB2FE /* Foundation.framework */ = {isa = PBXFileReference; lastKnownFileType = wrapper.framework; name = Foundation.framework; path = System/Library/Frameworks/Foundation.framework; sourceTree = SDKROOT; };
		7F64C2A51951DDCE000EB2FE /* CoreGraphics.framework */ = {isa = PBXFileReference; lastKnownFileType = wrapper.framework; name = CoreGraphics.framework; path = System/Library/Frameworks/CoreGraphics.framework; sourceTree = SDKROOT; };
		7F64C2A71951DDCE000EB2FE /* UIKit.framework */ = {isa = PBXFileReference; lastKnownFileType = wrapper.framework; name = UIKit.framework; path = System/Library/Frameworks/UIKit.framework; sourceTree = SDKROOT; };
		7F64C2AB1951DDCE000EB2FE /* mysql-connector-c-Info.plist */ = {isa = PBXFileReference; lastKnownFileType = text.plist.xml; path = "mysql-connector-c-Info.plist"; sourceTree = "<group>"; };
		7F64C2AD1951DDCE000EB2FE /* en */ = {isa = PBXFileReference; lastKnownFileType = text.plist.strings; name = en; path = en.lproj/InfoPlist.strings; sourceTree = "<group>"; };
		7F64C2AF1951DDCE000EB2FE /* main.m */ = {isa = PBXFileReference; lastKnownFileType = sourcecode.c.objc; path = main.m; sourceTree = "<group>"; };
		7F64C2B11951DDCE000EB2FE /* mysql-connector-c-Prefix.pch */ = {isa = PBXFileReference; lastKnownFileType = sourcecode.c.h; path = "mysql-connector-c-Prefix.pch"; sourceTree = "<group>"; };
		7F64C2B21951DDCE000EB2FE /* AppDelegate.h */ = {isa = PBXFileReference; lastKnownFileType = sourcecode.c.h; path = AppDelegate.h; sourceTree = "<group>"; };
		7F64C2B31951DDCE000EB2FE /* AppDelegate.m */ = {isa = PBXFileReference; lastKnownFileType = sourcecode.c.objc; path = AppDelegate.m; sourceTree = "<group>"; };
		7F64C2B61951DDCE000EB2FE /* Base */ = {isa = PBXFileReference; lastKnownFileType = file.storyboard; name = Base; path = Base.lproj/Main.storyboard; sourceTree = "<group>"; };
		7F64C2B81951DDCE000EB2FE /* ViewController.h */ = {isa = PBXFileReference; lastKnownFileType = sourcecode.c.h; path = ViewController.h; sourceTree = "<group>"; };
		7F64C2B91951DDCE000EB2FE /* ViewController.m */ = {isa = PBXFileReference; lastKnownFileType = sourcecode.c.objc; path = ViewController.m; sourceTree = "<group>"; };
		7F64C2BB1951DDCE000EB2FE /* Images.xcassets */ = {isa = PBXFileReference; lastKnownFileType = folder.assetcatalog; path = Images.xcassets; sourceTree = "<group>"; };
		7F64C2C11951DDCF000EB2FE /* mysql-connector-cTests.xctest */ = {isa = PBXFileReference; explicitFileType = wrapper.cfbundle; includeInIndex = 0; path = "mysql-connector-cTests.xctest"; sourceTree = BUILT_PRODUCTS_DIR; };
		7F64C2C21951DDCF000EB2FE /* XCTest.framework */ = {isa = PBXFileReference; lastKnownFileType = wrapper.framework; name = XCTest.framework; path = Library/Frameworks/XCTest.framework; sourceTree = DEVELOPER_DIR; };
		7F64C2CA1951DDCF000EB2FE /* mysql-connector-cTests-Info.plist */ = {isa = PBXFileReference; lastKnownFileType = text.plist.xml; path = "mysql-connector-cTests-Info.plist"; sourceTree = "<group>"; };
		7F64C2CC1951DDCF000EB2FE /* en */ = {isa = PBXFileReference; lastKnownFileType = text.plist.strings; name = en; path = en.lproj/InfoPlist.strings; sourceTree = "<group>"; };
		7F64C2CE1951DDCF000EB2FE /* mysql_connector_cTests.m */ = {isa = PBXFileReference; lastKnownFileType = sourcecode.c.objc; path = mysql_connector_cTests.m; sourceTree = "<group>"; };
		7F64C3271951E255000EB2FE /* libc++.dylib */ = {isa = PBXFileReference; lastKnownFileType = "compiled.mach-o.dylib"; name = "libc++.dylib"; path = "usr/lib/libc++.dylib"; sourceTree = SDKROOT; };
/* End PBXFileReference section */

/* Begin PBXFrameworksBuildPhase section */
		7F64C29D1951DDCE000EB2FE /* Frameworks */ = {
			isa = PBXFrameworksBuildPhase;
			buildActionMask = 2147483647;
			files = (
				1A18971C1C8F48D30058E3A1 /* libmysqlclient.a in Frameworks */,
				7F64C3281951E255000EB2FE /* libc++.dylib in Frameworks */,
				7F64C2A61951DDCE000EB2FE /* CoreGraphics.framework in Frameworks */,
				7F64C2A81951DDCE000EB2FE /* UIKit.framework in Frameworks */,
				7F64C2A41951DDCE000EB2FE /* Foundation.framework in Frameworks */,
			);
			runOnlyForDeploymentPostprocessing = 0;
		};
		7F64C2BE1951DDCF000EB2FE /* Frameworks */ = {
			isa = PBXFrameworksBuildPhase;
			buildActionMask = 2147483647;
			files = (
				7F64C2C31951DDCF000EB2FE /* XCTest.framework in Frameworks */,
				7F64C2C51951DDCF000EB2FE /* UIKit.framework in Frameworks */,
				7F64C2C41951DDCF000EB2FE /* Foundation.framework in Frameworks */,
			);
			runOnlyForDeploymentPostprocessing = 0;
		};
/* End PBXFrameworksBuildPhase section */

/* Begin PBXGroup section */
		1A9A64A01C7EB76A001300D1 /* atomic */ = {
			isa = PBXGroup;
			children = (
				1A9A64A11C7EB76A001300D1 /* gcc_builtins.h */,
				1A9A64A21C7EB76A001300D1 /* generic-msvc.h */,
				1A9A64A31C7EB76A001300D1 /* solaris.h */,
			);
			path = atomic;
			sourceTree = "<group>";
		};
		1A9A64E01C7EB76A001300D1 /* mysql */ = {
			isa = PBXGroup;
			children = (
				1A9A64E11C7EB76A001300D1 /* client_authentication.h */,
				1A9A64E21C7EB76A001300D1 /* client_plugin.h */,
				1A9A64E31C7EB76A001300D1 /* client_plugin.h.pp */,
				1A9A64E41C7EB76A001300D1 /* get_password.h */,
				1A9A64E51C7EB76A001300D1 /* plugin_auth_common.h */,
				1A9A64E61C7EB76A001300D1 /* plugin_trace.h */,
				1A9A64E71C7EB76A001300D1 /* psi */,
				1A9A64FD1C7EB76A001300D1 /* service_my_snprintf.h */,
				1A9A64FE1C7EB76A001300D1 /* service_mysql_alloc.h */,
			);
			path = mysql;
			sourceTree = "<group>";
		};
		1A9A64E71C7EB76A001300D1 /* psi */ = {
			isa = PBXGroup;
			children = (
				1A9A64E81C7EB76A001300D1 /* mysql_file.h */,
				1A9A64E91C7EB76A001300D1 /* mysql_idle.h */,
				1A9A64EA1C7EB76A001300D1 /* mysql_mdl.h */,
				1A9A64EB1C7EB76A001300D1 /* mysql_memory.h */,
				1A9A64EC1C7EB76A001300D1 /* mysql_ps.h */,
				1A9A64ED1C7EB76A001300D1 /* mysql_socket.h */,
				1A9A64EE1C7EB76A001300D1 /* mysql_sp.h */,
				1A9A64EF1C7EB76A001300D1 /* mysql_stage.h */,
				1A9A64F01C7EB76A001300D1 /* mysql_statement.h */,
				1A9A64F11C7EB76A001300D1 /* mysql_table.h */,
				1A9A64F21C7EB76A001300D1 /* mysql_thread.h */,
				1A9A64F31C7EB76A001300D1 /* mysql_transaction.h */,
				1A9A64F41C7EB76A001300D1 /* psi.h */,
				1A9A64F51C7EB76A001300D1 /* psi_abi_v0.h */,
				1A9A64F61C7EB76A001300D1 /* psi_abi_v0.h.pp */,
				1A9A64F71C7EB76A001300D1 /* psi_abi_v1.h */,
				1A9A64F81C7EB76A001300D1 /* psi_abi_v1.h.pp */,
				1A9A64F91C7EB76A001300D1 /* psi_abi_v2.h */,
				1A9A64FA1C7EB76A001300D1 /* psi_abi_v2.h.pp */,
				1A9A64FB1C7EB76A001300D1 /* psi_base.h */,
				1A9A64FC1C7EB76A001300D1 /* psi_memory.h */,
			);
			path = psi;
			sourceTree = "<group>";
		};
		1A9A65091C7EB76A001300D1 /* mysys */ = {
			isa = PBXGroup;
			children = (
				1A9A650A1C7EB76A001300D1 /* rijndael.h */,
			);
			path = mysys;
			sourceTree = "<group>";
		};
		7F64C2971951DDCE000EB2FE = {
			isa = PBXGroup;
			children = (
				7F64C2A91951DDCE000EB2FE /* mysql-connector-c */,
				7F64C2C81951DDCF000EB2FE /* mysql-connector-cTests */,
				7F64C2A21951DDCE000EB2FE /* Frameworks */,
				7F64C2A11951DDCE000EB2FE /* Products */,
			);
			sourceTree = "<group>";
		};
		7F64C2A11951DDCE000EB2FE /* Products */ = {
			isa = PBXGroup;
			children = (
				7F64C2A01951DDCE000EB2FE /* mysql-connector-c.app */,
				7F64C2C11951DDCF000EB2FE /* mysql-connector-cTests.xctest */,
			);
			name = Products;
			sourceTree = "<group>";
		};
		7F64C2A21951DDCE000EB2FE /* Frameworks */ = {
			isa = PBXGroup;
			children = (
				7F64C3271951E255000EB2FE /* libc++.dylib */,
				7F64C2A31951DDCE000EB2FE /* Foundation.framework */,
				7F64C2A51951DDCE000EB2FE /* CoreGraphics.framework */,
				7F64C2A71951DDCE000EB2FE /* UIKit.framework */,
				7F64C2C21951DDCF000EB2FE /* XCTest.framework */,
			);
			name = Frameworks;
			sourceTree = "<group>";
		};
		7F64C2A91951DDCE000EB2FE /* mysql-connector-c */ = {
			isa = PBXGroup;
			children = (
				7F64C2D91951DDF1000EB2FE /* Sources */,
				7F64C2B21951DDCE000EB2FE /* AppDelegate.h */,
				7F64C2B31951DDCE000EB2FE /* AppDelegate.m */,
				7F64C2B51951DDCE000EB2FE /* Main.storyboard */,
				7F64C2B81951DDCE000EB2FE /* ViewController.h */,
				7F64C2B91951DDCE000EB2FE /* ViewController.m */,
				7F64C2BB1951DDCE000EB2FE /* Images.xcassets */,
				7F64C2AA1951DDCE000EB2FE /* Supporting Files */,
			);
			path = "mysql-connector-c";
			sourceTree = "<group>";
		};
		7F64C2AA1951DDCE000EB2FE /* Supporting Files */ = {
			isa = PBXGroup;
			children = (
				7F64C2AB1951DDCE000EB2FE /* mysql-connector-c-Info.plist */,
				7F64C2AC1951DDCE000EB2FE /* InfoPlist.strings */,
				7F64C2AF1951DDCE000EB2FE /* main.m */,
				7F64C2B11951DDCE000EB2FE /* mysql-connector-c-Prefix.pch */,
			);
			name = "Supporting Files";
			sourceTree = "<group>";
		};
		7F64C2C81951DDCF000EB2FE /* mysql-connector-cTests */ = {
			isa = PBXGroup;
			children = (
				7F64C2CE1951DDCF000EB2FE /* mysql_connector_cTests.m */,
				7F64C2C91951DDCF000EB2FE /* Supporting Files */,
			);
			path = "mysql-connector-cTests";
			sourceTree = "<group>";
		};
		7F64C2C91951DDCF000EB2FE /* Supporting Files */ = {
			isa = PBXGroup;
			children = (
				7F64C2CA1951DDCF000EB2FE /* mysql-connector-cTests-Info.plist */,
				7F64C2CB1951DDCF000EB2FE /* InfoPlist.strings */,
			);
			name = "Supporting Files";
			sourceTree = "<group>";
		};
		7F64C2D91951DDF1000EB2FE /* Sources */ = {
			isa = PBXGroup;
			children = (
				1A18971B1C8F48D30058E3A1 /* libmysqlclient.a */,
				7F64C2DA1951DDF1000EB2FE /* include */,
			);
			name = Sources;
			path = ../../../Sources;
			sourceTree = "<group>";
		};
		7F64C2DA1951DDF1000EB2FE /* include */ = {
			isa = PBXGroup;
			children = (
				1A9A64A01C7EB76A001300D1 /* atomic */,
				1A9A64A41C7EB76A001300D1 /* base64.h */,
				1A9A64A51C7EB76A001300D1 /* big_endian.h */,
				1A9A64A61C7EB76A001300D1 /* byte_order_generic_x86.h */,
				1A9A64A71C7EB76A001300D1 /* byte_order_generic.h */,
				1A9A64A81C7EB76A001300D1 /* config-win.h */,
				1A9A64A91C7EB76A001300D1 /* config.h */,
				1A9A64AA1C7EB76A001300D1 /* crypt_genhash_impl.h */,
				1A9A64AB1C7EB76A001300D1 /* decimal.h */,
				1A9A64AC1C7EB76A001300D1 /* dur_prop.h */,
				1A9A64AD1C7EB76A001300D1 /* errmsg.h */,
				1A9A64AE1C7EB76A001300D1 /* hash.h */,
				1A9A64AF1C7EB76A001300D1 /* heap.h */,
				1A9A64B01C7EB76A001300D1 /* keycache.h */,
				1A9A64B11C7EB76A001300D1 /* lf.h */,
				1A9A64B21C7EB76A001300D1 /* little_endian.h */,
				1A9A64B31C7EB76A001300D1 /* m_ctype.h */,
				1A9A64B41C7EB76A001300D1 /* m_string.h */,
				1A9A64B51C7EB76A001300D1 /* mutex_lock.h */,
				1A9A64B61C7EB76A001300D1 /* my_aes.h */,
				1A9A64B71C7EB76A001300D1 /* my_alarm.h */,
				1A9A64B81C7EB76A001300D1 /* my_alloc.h */,
				1A9A64B91C7EB76A001300D1 /* my_atomic.h */,
				1A9A64BA1C7EB76A001300D1 /* my_attribute.h */,
				1A9A64BB1C7EB76A001300D1 /* my_base.h */,
				1A9A64BC1C7EB76A001300D1 /* my_bit.h */,
				1A9A64BD1C7EB76A001300D1 /* my_bitmap.h */,
				1A9A64BE1C7EB76A001300D1 /* my_byteorder.h */,
				1A9A64BF1C7EB76A001300D1 /* my_charsets.h */,
				1A9A64C01C7EB76A001300D1 /* my_check_opt.h */,
				1A9A64C11C7EB76A001300D1 /* my_compare.h */,
				1A9A64C21C7EB76A001300D1 /* my_compiler.h */,
				1A9A64C31C7EB76A001300D1 /* my_config.h */,
				1A9A64C41C7EB76A001300D1 /* my_config.h.in */,
				1A9A64C51C7EB76A001300D1 /* my_dbug.h */,
				1A9A64C61C7EB76A001300D1 /* my_default.h */,
				1A9A64C71C7EB76A001300D1 /* my_dir.h */,
				1A9A64C81C7EB76A001300D1 /* my_getopt.h */,
				1A9A64C91C7EB76A001300D1 /* my_global.h */,
				1A9A64CA1C7EB76A001300D1 /* my_icp.h */,
				1A9A64CB1C7EB76A001300D1 /* my_libwrap.h */,
				1A9A64CC1C7EB76A001300D1 /* my_list.h */,
				1A9A64CD1C7EB76A001300D1 /* my_md5.h */,
				1A9A64CE1C7EB76A001300D1 /* my_murmur3.h */,
				1A9A64CF1C7EB76A001300D1 /* my_net.h */,
				1A9A64D01C7EB76A001300D1 /* my_no_pthread.h */,
				1A9A64D11C7EB76A001300D1 /* my_nosys.h */,
				1A9A64D21C7EB76A001300D1 /* my_pthread.h */,
				1A9A64D31C7EB76A001300D1 /* my_rdtsc.h */,
				1A9A64D41C7EB76A001300D1 /* my_rnd.h */,
				1A9A64D51C7EB76A001300D1 /* my_stacktrace.h */,
				1A9A64D61C7EB76A001300D1 /* my_sys.h */,
				1A9A64D71C7EB76A001300D1 /* my_thread_local.h */,
				1A9A64D81C7EB76A001300D1 /* my_time.h */,
				1A9A64D91C7EB76A001300D1 /* my_timer.h */,
				1A9A64DA1C7EB76A001300D1 /* my_tree.h */,
				1A9A64DB1C7EB76A001300D1 /* my_trie.h */,
				1A9A64DC1C7EB76A001300D1 /* my_uctype.h */,
				1A9A64DD1C7EB76A001300D1 /* my_vle.h */,
				1A9A64DE1C7EB76A001300D1 /* my_xml.h */,
				1A9A64DF1C7EB76A001300D1 /* myisampack.h */,
				1A9A64E01C7EB76A001300D1 /* mysql */,
				1A9A64FF1C7EB76A001300D1 /* mysql_com_server.h */,
				1A9A65001C7EB76A001300D1 /* mysql_com.h */,
				1A9A65011C7EB76A001300D1 /* mysql_embed.h */,
				1A9A65021C7EB76A001300D1 /* mysql_time.h */,
				1A9A65031C7EB76A001300D1 /* mysql_version.h */,
				1A9A65041C7EB76A001300D1 /* mysql_version.h.in */,
				1A9A65051C7EB76A001300D1 /* mysql.h */,
				1A9A65061C7EB76A001300D1 /* mysql.h.pp */,
				1A9A65071C7EB76A001300D1 /* mysqld_ername.h */,
				1A9A65081C7EB76A001300D1 /* mysqld_error.h */,
				1A9A65091C7EB76A001300D1 /* mysys */,
				1A9A650B1C7EB76A001300D1 /* mysys_err.h */,
				1A9A650C1C7EB76A001300D1 /* nullable.h */,
				1A9A650D1C7EB76A001300D1 /* password.h */,
				1A9A650E1C7EB76A001300D1 /* prealloced_array.h */,
				1A9A650F1C7EB76A001300D1 /* probes_mysql_dtrace.h */,
				1A9A65101C7EB76A001300D1 /* probes_mysql_nodtrace.h */,
				1A9A65111C7EB76B001300D1 /* probes_mysql.d */,
				1A9A65121C7EB76B001300D1 /* probes_mysql.d.base */,
				1A9A65131C7EB76B001300D1 /* probes_mysql.h */,
				1A9A65141C7EB76B001300D1 /* queues.h */,
				1A9A65151C7EB76B001300D1 /* service_versions.h */,
				1A9A65161C7EB76B001300D1 /* sha1.h */,
				1A9A65171C7EB76B001300D1 /* sha2.h */,
				1A9A65181C7EB76B001300D1 /* sql_common.h */,
				1A9A65191C7EB76B001300D1 /* sql_state.h */,
				1A9A651A1C7EB76B001300D1 /* sql_string.h */,
				1A9A651B1C7EB76B001300D1 /* sslopt-case.h */,
				1A9A651C1C7EB76B001300D1 /* sslopt-longopts.h */,
				1A9A651D1C7EB76B001300D1 /* sslopt-vars.h */,
				1A9A651E1C7EB76B001300D1 /* t_ctype.h */,
				1A9A651F1C7EB76B001300D1 /* template_utils.h */,
				1A9A65201C7EB76B001300D1 /* thr_alarm.h */,
				1A9A65211C7EB76B001300D1 /* thr_cond.h */,
				1A9A65221C7EB76B001300D1 /* thr_lock.h */,
				1A9A65231C7EB76B001300D1 /* thr_mutex.h */,
				1A9A65241C7EB76B001300D1 /* thr_rwlock.h */,
				1A9A65251C7EB76B001300D1 /* typelib.h */,
				1A9A65261C7EB76B001300D1 /* violite.h */,
				1A9A65271C7EB76B001300D1 /* waiting_threads.h */,
				1A9A65281C7EB76B001300D1 /* welcome_copyright_notice.h */,
				1A9A65291C7EB76B001300D1 /* wqueue.h */,
			);
			path = include;
			sourceTree = "<group>";
		};
/* End PBXGroup section */

/* Begin PBXNativeTarget section */
		7F64C29F1951DDCE000EB2FE /* mysql-connector-c */ = {
			isa = PBXNativeTarget;
			buildConfigurationList = 7F64C2D21951DDCF000EB2FE /* Build configuration list for PBXNativeTarget "mysql-connector-c" */;
			buildPhases = (
				7F64C29C1951DDCE000EB2FE /* Sources */,
				7F64C29D1951DDCE000EB2FE /* Frameworks */,
				7F64C29E1951DDCE000EB2FE /* Resources */,
			);
			buildRules = (
			);
			dependencies = (
			);
			name = "mysql-connector-c";
			productName = "mysql-connector-c";
			productReference = 7F64C2A01951DDCE000EB2FE /* mysql-connector-c.app */;
			productType = "com.apple.product-type.application";
		};
		7F64C2C01951DDCF000EB2FE /* mysql-connector-cTests */ = {
			isa = PBXNativeTarget;
			buildConfigurationList = 7F64C2D51951DDCF000EB2FE /* Build configuration list for PBXNativeTarget "mysql-connector-cTests" */;
			buildPhases = (
				7F64C2BD1951DDCF000EB2FE /* Sources */,
				7F64C2BE1951DDCF000EB2FE /* Frameworks */,
				7F64C2BF1951DDCF000EB2FE /* Resources */,
			);
			buildRules = (
			);
			dependencies = (
				7F64C2C71951DDCF000EB2FE /* PBXTargetDependency */,
			);
			name = "mysql-connector-cTests";
			productName = "mysql-connector-cTests";
			productReference = 7F64C2C11951DDCF000EB2FE /* mysql-connector-cTests.xctest */;
			productType = "com.apple.product-type.bundle.unit-test";
		};
/* End PBXNativeTarget section */

/* Begin PBXProject section */
		7F64C2981951DDCE000EB2FE /* Project object */ = {
			isa = PBXProject;
			attributes = {
				LastUpgradeCheck = 0510;
				ORGANIZATIONNAME = "James Richard";
				TargetAttributes = {
					7F64C2C01951DDCF000EB2FE = {
						TestTargetID = 7F64C29F1951DDCE000EB2FE;
					};
				};
			};
			buildConfigurationList = 7F64C29B1951DDCE000EB2FE /* Build configuration list for PBXProject "mysql-connector-c" */;
			compatibilityVersion = "Xcode 3.2";
			developmentRegion = English;
			hasScannedForEncodings = 0;
			knownRegions = (
				en,
				Base,
			);
			mainGroup = 7F64C2971951DDCE000EB2FE;
			productRefGroup = 7F64C2A11951DDCE000EB2FE /* Products */;
			projectDirPath = "";
			projectRoot = "";
			targets = (
				7F64C29F1951DDCE000EB2FE /* mysql-connector-c */,
				7F64C2C01951DDCF000EB2FE /* mysql-connector-cTests */,
			);
		};
/* End PBXProject section */

/* Begin PBXResourcesBuildPhase section */
		7F64C29E1951DDCE000EB2FE /* Resources */ = {
			isa = PBXResourcesBuildPhase;
			buildActionMask = 2147483647;
			files = (
				1A9A652A1C7EB76B001300D1 /* my_config.h.in in Resources */,
				7F64C2BC1951DDCE000EB2FE /* Images.xcassets in Resources */,
				7F64C2AE1951DDCE000EB2FE /* InfoPlist.strings in Resources */,
				7F64C2B71951DDCE000EB2FE /* Main.storyboard in Resources */,
			);
			runOnlyForDeploymentPostprocessing = 0;
		};
		7F64C2BF1951DDCF000EB2FE /* Resources */ = {
			isa = PBXResourcesBuildPhase;
			buildActionMask = 2147483647;
			files = (
				7F64C2CD1951DDCF000EB2FE /* InfoPlist.strings in Resources */,
			);
			runOnlyForDeploymentPostprocessing = 0;
		};
/* End PBXResourcesBuildPhase section */

/* Begin PBXSourcesBuildPhase section */
		7F64C29C1951DDCE000EB2FE /* Sources */ = {
			isa = PBXSourcesBuildPhase;
			buildActionMask = 2147483647;
			files = (
				7F64C2BA1951DDCE000EB2FE /* ViewController.m in Sources */,
				7F64C2B41951DDCE000EB2FE /* AppDelegate.m in Sources */,
				7F64C2B01951DDCE000EB2FE /* main.m in Sources */,
			);
			runOnlyForDeploymentPostprocessing = 0;
		};
		7F64C2BD1951DDCF000EB2FE /* Sources */ = {
			isa = PBXSourcesBuildPhase;
			buildActionMask = 2147483647;
			files = (
				7F64C2CF1951DDCF000EB2FE /* mysql_connector_cTests.m in Sources */,
			);
			runOnlyForDeploymentPostprocessing = 0;
		};
/* End PBXSourcesBuildPhase section */

/* Begin PBXTargetDependency section */
		7F64C2C71951DDCF000EB2FE /* PBXTargetDependency */ = {
			isa = PBXTargetDependency;
			target = 7F64C29F1951DDCE000EB2FE /* mysql-connector-c */;
			targetProxy = 7F64C2C61951DDCF000EB2FE /* PBXContainerItemProxy */;
		};
/* End PBXTargetDependency section */

/* Begin PBXVariantGroup section */
		7F64C2AC1951DDCE000EB2FE /* InfoPlist.strings */ = {
			isa = PBXVariantGroup;
			children = (
				7F64C2AD1951DDCE000EB2FE /* en */,
			);
			name = InfoPlist.strings;
			sourceTree = "<group>";
		};
		7F64C2B51951DDCE000EB2FE /* Main.storyboard */ = {
			isa = PBXVariantGroup;
			children = (
				7F64C2B61951DDCE000EB2FE /* Base */,
			);
			name = Main.storyboard;
			sourceTree = "<group>";
		};
		7F64C2CB1951DDCF000EB2FE /* InfoPlist.strings */ = {
			isa = PBXVariantGroup;
			children = (
				7F64C2CC1951DDCF000EB2FE /* en */,
			);
			name = InfoPlist.strings;
			sourceTree = "<group>";
		};
/* End PBXVariantGroup section */

/* Begin XCBuildConfiguration section */
		7F64C2D01951DDCF000EB2FE /* Debug */ = {
			isa = XCBuildConfiguration;
			buildSettings = {
				ALWAYS_SEARCH_USER_PATHS = NO;
				CLANG_CXX_LANGUAGE_STANDARD = "gnu++0x";
				CLANG_CXX_LIBRARY = "libc++";
				CLANG_ENABLE_MODULES = YES;
				CLANG_ENABLE_OBJC_ARC = YES;
				CLANG_WARN_BOOL_CONVERSION = YES;
				CLANG_WARN_CONSTANT_CONVERSION = YES;
				CLANG_WARN_DIRECT_OBJC_ISA_USAGE = YES_ERROR;
				CLANG_WARN_EMPTY_BODY = YES;
				CLANG_WARN_ENUM_CONVERSION = YES;
				CLANG_WARN_INT_CONVERSION = YES;
				CLANG_WARN_OBJC_ROOT_CLASS = YES_ERROR;
				CLANG_WARN__DUPLICATE_METHOD_MATCH = YES;
				"CODE_SIGN_IDENTITY[sdk=iphoneos*]" = "iPhone Developer";
				COPY_PHASE_STRIP = NO;
				GCC_C_LANGUAGE_STANDARD = gnu99;
				GCC_DYNAMIC_NO_PIC = NO;
				GCC_OPTIMIZATION_LEVEL = 0;
				GCC_PREPROCESSOR_DEFINITIONS = (
					"DEBUG=1",
					"$(inherited)",
				);
				GCC_SYMBOLS_PRIVATE_EXTERN = NO;
				GCC_WARN_64_TO_32_BIT_CONVERSION = YES;
				GCC_WARN_ABOUT_RETURN_TYPE = YES_ERROR;
				GCC_WARN_UNDECLARED_SELECTOR = YES;
				GCC_WARN_UNINITIALIZED_AUTOS = YES_AGGRESSIVE;
				GCC_WARN_UNUSED_FUNCTION = YES;
				GCC_WARN_UNUSED_VARIABLE = YES;
				IPHONEOS_DEPLOYMENT_TARGET = 7.1;
				ONLY_ACTIVE_ARCH = YES;
				SDKROOT = iphoneos;
			};
			name = Debug;
		};
		7F64C2D11951DDCF000EB2FE /* Release */ = {
			isa = XCBuildConfiguration;
			buildSettings = {
				ALWAYS_SEARCH_USER_PATHS = NO;
				CLANG_CXX_LANGUAGE_STANDARD = "gnu++0x";
				CLANG_CXX_LIBRARY = "libc++";
				CLANG_ENABLE_MODULES = YES;
				CLANG_ENABLE_OBJC_ARC = YES;
				CLANG_WARN_BOOL_CONVERSION = YES;
				CLANG_WARN_CONSTANT_CONVERSION = YES;
				CLANG_WARN_DIRECT_OBJC_ISA_USAGE = YES_ERROR;
				CLANG_WARN_EMPTY_BODY = YES;
				CLANG_WARN_ENUM_CONVERSION = YES;
				CLANG_WARN_INT_CONVERSION = YES;
				CLANG_WARN_OBJC_ROOT_CLASS = YES_ERROR;
				CLANG_WARN__DUPLICATE_METHOD_MATCH = YES;
				"CODE_SIGN_IDENTITY[sdk=iphoneos*]" = "iPhone Developer";
				COPY_PHASE_STRIP = YES;
				ENABLE_NS_ASSERTIONS = NO;
				GCC_C_LANGUAGE_STANDARD = gnu99;
				GCC_WARN_64_TO_32_BIT_CONVERSION = YES;
				GCC_WARN_ABOUT_RETURN_TYPE = YES_ERROR;
				GCC_WARN_UNDECLARED_SELECTOR = YES;
				GCC_WARN_UNINITIALIZED_AUTOS = YES_AGGRESSIVE;
				GCC_WARN_UNUSED_FUNCTION = YES;
				GCC_WARN_UNUSED_VARIABLE = YES;
				IPHONEOS_DEPLOYMENT_TARGET = 7.1;
				SDKROOT = iphoneos;
				VALIDATE_PRODUCT = YES;
			};
			name = Release;
		};
		7F64C2D31951DDCF000EB2FE /* Debug */ = {
			isa = XCBuildConfiguration;
			buildSettings = {
				ASSETCATALOG_COMPILER_APPICON_NAME = AppIcon;
				ASSETCATALOG_COMPILER_LAUNCHIMAGE_NAME = LaunchImage;
				GCC_PRECOMPILE_PREFIX_HEADER = YES;
				GCC_PREFIX_HEADER = "mysql-connector-c/mysql-connector-c-Prefix.pch";
				HEADER_SEARCH_PATHS = "$(PROJECT_DIR)/../../Sources/include";
				INFOPLIST_FILE = "mysql-connector-c/mysql-connector-c-Info.plist";
				LIBRARY_SEARCH_PATHS = (
					"$(inherited)",
					"$(PROJECT_DIR)/../../Sources",
				);
				OTHER_LDFLAGS = "-lmysqlclient";
				PRODUCT_NAME = "$(TARGET_NAME)";
				WRAPPER_EXTENSION = app;
			};
			name = Debug;
		};
		7F64C2D41951DDCF000EB2FE /* Release */ = {
			isa = XCBuildConfiguration;
			buildSettings = {
				ASSETCATALOG_COMPILER_APPICON_NAME = AppIcon;
				ASSETCATALOG_COMPILER_LAUNCHIMAGE_NAME = LaunchImage;
				GCC_PRECOMPILE_PREFIX_HEADER = YES;
				GCC_PREFIX_HEADER = "mysql-connector-c/mysql-connector-c-Prefix.pch";
				HEADER_SEARCH_PATHS = "$(PROJECT_DIR)/../../Sources/include";
				INFOPLIST_FILE = "mysql-connector-c/mysql-connector-c-Info.plist";
				LIBRARY_SEARCH_PATHS = (
					"$(inherited)",
					"$(PROJECT_DIR)/../../Sources",
				);
				OTHER_LDFLAGS = "-lmysqlclient";
				PRODUCT_NAME = "$(TARGET_NAME)";
				WRAPPER_EXTENSION = app;
			};
			name = Release;
		};
		7F64C2D61951DDCF000EB2FE /* Debug */ = {
			isa = XCBuildConfiguration;
			buildSettings = {
				BUNDLE_LOADER = "$(BUILT_PRODUCTS_DIR)/mysql-connector-c.app/mysql-connector-c";
				FRAMEWORK_SEARCH_PATHS = (
					"$(SDKROOT)/Developer/Library/Frameworks",
					"$(inherited)",
					"$(DEVELOPER_FRAMEWORKS_DIR)",
				);
				GCC_PRECOMPILE_PREFIX_HEADER = YES;
				GCC_PREFIX_HEADER = "mysql-connector-c/mysql-connector-c-Prefix.pch";
				GCC_PREPROCESSOR_DEFINITIONS = (
					"DEBUG=1",
					"$(inherited)",
				);
				INFOPLIST_FILE = "mysql-connector-cTests/mysql-connector-cTests-Info.plist";
				PRODUCT_NAME = "$(TARGET_NAME)";
				TEST_HOST = "$(BUNDLE_LOADER)";
				WRAPPER_EXTENSION = xctest;
			};
			name = Debug;
		};
		7F64C2D71951DDCF000EB2FE /* Release */ = {
			isa = XCBuildConfiguration;
			buildSettings = {
				BUNDLE_LOADER = "$(BUILT_PRODUCTS_DIR)/mysql-connector-c.app/mysql-connector-c";
				FRAMEWORK_SEARCH_PATHS = (
					"$(SDKROOT)/Developer/Library/Frameworks",
					"$(inherited)",
					"$(DEVELOPER_FRAMEWORKS_DIR)",
				);
				GCC_PRECOMPILE_PREFIX_HEADER = YES;
				GCC_PREFIX_HEADER = "mysql-connector-c/mysql-connector-c-Prefix.pch";
				INFOPLIST_FILE = "mysql-connector-cTests/mysql-connector-cTests-Info.plist";
				PRODUCT_NAME = "$(TARGET_NAME)";
				TEST_HOST = "$(BUNDLE_LOADER)";
				WRAPPER_EXTENSION = xctest;
			};
			name = Release;
		};
/* End XCBuildConfiguration section */

/* Begin XCConfigurationList section */
		7F64C29B1951DDCE000EB2FE /* Build configuration list for PBXProject "mysql-connector-c" */ = {
			isa = XCConfigurationList;
			buildConfigurations = (
				7F64C2D01951DDCF000EB2FE /* Debug */,
				7F64C2D11951DDCF000EB2FE /* Release */,
			);
			defaultConfigurationIsVisible = 0;
			defaultConfigurationName = Release;
		};
		7F64C2D21951DDCF000EB2FE /* Build configuration list for PBXNativeTarget "mysql-connector-c" */ = {
			isa = XCConfigurationList;
			buildConfigurations = (
				7F64C2D31951DDCF000EB2FE /* Debug */,
				7F64C2D41951DDCF000EB2FE /* Release */,
			);
			defaultConfigurationIsVisible = 0;
			defaultConfigurationName = Release;
		};
		7F64C2D51951DDCF000EB2FE /* Build configuration list for PBXNativeTarget "mysql-connector-cTests" */ = {
			isa = XCConfigurationList;
			buildConfigurations = (
				7F64C2D61951DDCF000EB2FE /* Debug */,
				7F64C2D71951DDCF000EB2FE /* Release */,
			);
			defaultConfigurationIsVisible = 0;
			defaultConfigurationName = Release;
		};
/* End XCConfigurationList section */
	};
	rootObject = 7F64C2981951DDCE000EB2FE /* Project object */;
}
